
Microsoft Visual Studio Solution File, Format Version 12.00
# Visual Studio Version 17
VisualStudioVersion = 17.6.33829.357
MinimumVisualStudioVersion = 10.0.40219.1
Project("{FAE04EC0-301F-11D3-BF4B-00C04F79EFBC}") = "Practice1", "Practice1\Practice1.csproj", "{7AE007A1-397D-4F7F-A6D9-39413C65F717}"
EndProject
Global
	GlobalSection(SolutionConfigurationPlatforms) = preSolution
		Debug|Any CPU = Debug|Any CPU
		Release|Any CPU = Release|Any CPU
	EndGlobalSection
	GlobalSection(ProjectConfigurationPlatforms) = postSolution
		{7AE007A1-397D-4F7F-A6D9-39413C65F717}.Debug|Any CPU.ActiveCfg = Debug|Any CPU
		{7AE007A1-397D-4F7F-A6D9-39413C65F717}.Debug|Any CPU.Build.0 = Debug|Any CPU
		{7AE007A1-397D-4F7F-A6D9-39413C65F717}.Release|Any CPU.ActiveCfg = Release|Any CPU
		{7AE007A1-397D-4F7F-A6D9-39413C65F717}.Release|Any CPU.Build.0 = Release|Any CPU
	EndGlobalSection
	GlobalSection(SolutionProperties) = preSolution
		HideSolutionNode = FALSE
	EndGlobalSection
	GlobalSection(ExtensibilityGlobals) = postSolution
		SolutionGuid = {5D0EB177-5468-4494-9DA1-1D7FD292528A}
	EndGlobalSection
EndGlobal
